<?xml version="1.0" encoding="utf-8"?>
<Project ToolsVersion="4.0" xmlns="http://schemas.microsoft.com/developer/msbuild/2003">
  <ItemGroup>
    <Filter Include="Common">
      <UniqueIdentifier>a07e1c90-468c-4ce3-b923-5c5c832fe2b6</UniqueIdentifier>
    </Filter>
    <Filter Include="Assets">
      <UniqueIdentifier>6fa842fa-2f47-4345-8763-1104f0b7d5f5</UniqueIdentifier>
    </Filter>
    <Page Include="Common\StandardStyles.xaml">
      <Filter>Common</Filter>
    </Page>
    <Image Include="Assets\Logo.png">
      <Filter>Assets</Filter>
    </Image>
    <Image Include="Assets\SmallLogo.png">
      <Filter>Assets</Filter>
    </Image>
    <Image Include="Assets\StoreLogo.png">
      <Filter>Assets</Filter>
    </Image>
    <Image Include="Assets\SplashScreen.png">
      <Filter>Assets</Filter>
    </Image>
    <Filter Include="Model">
      <UniqueIdentifier>{82b0c3e8-48d8-4e89-8b1b-a43c6d57b0b2}</UniqueIdentifier>
    </Filter>
  </ItemGroup>
  <ItemGroup>
    <ApplicationDefinition Include="App.xaml" />
  </ItemGroup>
  <ItemGroup>
    <ClCompile Include="SimpleTextRenderer.cpp" />
    <ClCompile Include="DirectXBase.cpp" />
    <ClCompile Include="App.xaml.cpp" />
    <ClCompile Include="DirectXPage.xaml.cpp" />
    <ClCompile Include="pch.cpp" />
    <ClCompile Include="MazeModel.cpp">
      <Filter>Model</Filter>
    </ClCompile>
    <ClCompile Include="Ball.cpp" />
    <ClCompile Include="Point2D.cpp" />
    <ClCompile Include="Obstacles.cpp">
      <Filter>Model</Filter>
    </ClCompile>
  </ItemGroup>
  <ItemGroup>
    <ClInclude Include="pch.h" />
    <ClInclude Include="App.xaml.h" />
    <ClInclude Include="DirectXPage.xaml.h" />
    <ClInclude Include="SimpleTextRenderer.h" />
    <ClInclude Include="BasicTimer.h" />
    <ClInclude Include="DirectXHelper.h" />
    <ClInclude Include="DirectXBase.h" />
    <ClInclude Include="Header.h" />
    <ClInclude Include="MazeModel.h">
      <Filter>Model</Filter>
    </ClInclude>
    <ClInclude Include="Ball.h" />
    <ClInclude Include="Point2D.h" />
    <ClInclude Include="Obstacles.h">
      <Filter>Model</Filter>
    </ClInclude>
    <ClInclude Include="Direction.h" />
  </ItemGroup>
  <ItemGroup>
    <AppxManifest Include="Package.appxmanifest" />
  </ItemGroup>
  <ItemGroup>
    <None Include="Main_TemporaryKey.pfx" />
  </ItemGroup>
  <ItemGroup>
    <Page Include="DirectXPage.xaml" />
  </ItemGroup>
</Project>